
Microsoft Visual Studio Solution File, Format Version 12.00
# Visual Studio Version 17
VisualStudioVersion = 17.9.34728.123
MinimumVisualStudioVersion = 10.0.40219.1
Project("{FAE04EC0-301F-11D3-BF4B-00C04F79EFBC}") = "Examen2CamiloRodriguez", "Examen2CamiloRodriguez\Examen2CamiloRodriguez.csproj", "{08DE51D1-BCD6-48D3-B8AA-0FF781F4EFCF}"
EndProject
Global
	GlobalSection(SolutionConfigurationPlatforms) = preSolution
		Debug|Any CPU = Debug|Any CPU
		Release|Any CPU = Release|Any CPU
	EndGlobalSection
	GlobalSection(ProjectConfigurationPlatforms) = postSolution
		{08DE51D1-BCD6-48D3-B8AA-0FF781F4EFCF}.Debug|Any CPU.ActiveCfg = Debug|Any CPU
		{08DE51D1-BCD6-48D3-B8AA-0FF781F4EFCF}.Debug|Any CPU.Build.0 = Debug|Any CPU
		{08DE51D1-BCD6-48D3-B8AA-0FF781F4EFCF}.Release|Any CPU.ActiveCfg = Release|Any CPU
		{08DE51D1-BCD6-48D3-B8AA-0FF781F4EFCF}.Release|Any CPU.Build.0 = Release|Any CPU
	EndGlobalSection
	GlobalSection(SolutionProperties) = preSolution
		HideSolutionNode = FALSE
	EndGlobalSection
	GlobalSection(ExtensibilityGlobals) = postSolution
		SolutionGuid = {46D1D7DE-E5F3-49CA-8149-1E4FAC8D5352}
	EndGlobalSection
EndGlobal
